
Microsoft Visual Studio Solution File, Format Version 12.00
Project("{FAE04EC0-301F-11D3-BF4B-00C04F79EFBC}") = "sokoban", "sokoban\sokoban.csproj", "{A55ACC96-DD1F-488D-B46E-80C20C78D06C}"
EndProject
Global
	GlobalSection(SolutionConfigurationPlatforms) = preSolution
		Debug|Any CPU = Debug|Any CPU
		Release|Any CPU = Release|Any CPU
	EndGlobalSection
	GlobalSection(ProjectConfigurationPlatforms) = postSolution
		{A55ACC96-DD1F-488D-B46E-80C20C78D06C}.Debug|Any CPU.ActiveCfg = Debug|Any CPU
		{A55ACC96-DD1F-488D-B46E-80C20C78D06C}.Debug|Any CPU.Build.0 = Debug|Any CPU
		{A55ACC96-DD1F-488D-B46E-80C20C78D06C}.Release|Any CPU.ActiveCfg = Release|Any CPU
		{A55ACC96-DD1F-488D-B46E-80C20C78D06C}.Release|Any CPU.Build.0 = Release|Any CPU
	EndGlobalSection
EndGlobal
